
Microsoft Visual Studio Solution File, Format Version 12.00
# Visual Studio Version 17
VisualStudioVersion = 17.11.35312.102
MinimumVisualStudioVersion = 10.0.40219.1
Project("{FAE04EC0-301F-11D3-BF4B-00C04F79EFBC}") = "PetroLocToCsv", "PetroLocToCsv\PetroLocToCsv.csproj", "{FB5572FA-D0A2-4FA3-BBE7-2CA629324164}"
EndProject
Global
	GlobalSection(SolutionConfigurationPlatforms) = preSolution
		Debug|Any CPU = Debug|Any CPU
		Release|Any CPU = Release|Any CPU
	EndGlobalSection
	GlobalSection(ProjectConfigurationPlatforms) = postSolution
		{FB5572FA-D0A2-4FA3-BBE7-2CA629324164}.Debug|Any CPU.ActiveCfg = Debug|Any CPU
		{FB5572FA-D0A2-4FA3-BBE7-2CA629324164}.Debug|Any CPU.Build.0 = Debug|Any CPU
		{FB5572FA-D0A2-4FA3-BBE7-2CA629324164}.Release|Any CPU.ActiveCfg = Release|Any CPU
		{FB5572FA-D0A2-4FA3-BBE7-2CA629324164}.Release|Any CPU.Build.0 = Release|Any CPU
	EndGlobalSection
	GlobalSection(SolutionProperties) = preSolution
		HideSolutionNode = FALSE
	EndGlobalSection
	GlobalSection(ExtensibilityGlobals) = postSolution
		SolutionGuid = {DAA098FA-8F6A-4AFB-BEC4-14CA2377249B}
	EndGlobalSection
EndGlobal
